<?xml version="1.0" encoding="utf-8"?>
<Project ToolsVersion="4.0" xmlns="http://schemas.microsoft.com/developer/msbuild/2003">
  <ItemGroup>
    <Filter Include="Source Files">
      <UniqueIdentifier>{a3a559a3-6c95-4483-8964-f0d4943b1eca}</UniqueIdentifier>
      <Extensions>cpp;c;cxx;rc;def;r;odl;idl;hpj;bat</Extensions>
    </Filter>
    <Filter Include="Header Files">
      <UniqueIdentifier>{c9710ef4-0975-4ac1-a1b1-bd2ffae5f776}</UniqueIdentifier>
      <Extensions>h;hpp;hxx;hm;inl</Extensions>
    </Filter>
    <Filter Include="Header Files\include">
      <UniqueIdentifier>{06e533b7-7937-49fc-92d9-34de0b9a591e}</UniqueIdentifier>
    </Filter>
    <Filter Include="Header Files\include\minizip">
      <UniqueIdentifier>{640b15a2-2d6f-4cad-9a84-e9891b368c03}</UniqueIdentifier>
    </Filter>
  </ItemGroup>
  <ItemGroup>
    <ClCompile Include="crypt.c">
      <Filter>Source Files</Filter>
    </ClCompile>
    <ClCompile Include="ioapi.c">
      <Filter>Source Files</Filter>
    </ClCompile>
    <ClCompile Include="unzip.c">
      <Filter>Source Files</Filter>
    </ClCompile>
  </ItemGroup>
  <ItemGroup>
    <ClInclude Include="include\minizip\unzip.h">
      <Filter>Header Files\include\minizip</Filter>
    </ClInclude>
  </ItemGroup>
  <ItemGroup>
    <None Include="minizip.def">
      <Filter>Source Files</Filter>
    </None>
  </ItemGroup>
</Project>